
Microsoft Visual Studio Solution File, Format Version 12.00
# Visual Studio Version 17
VisualStudioVersion = 17.14.36518.9 d17.14
MinimumVisualStudioVersion = 10.0.40219.1
Project("{FAE04EC0-301F-11D3-BF4B-00C04F79EFBC}") = "MvcWebAppFlight", "MvcWebAppFlight\MvcWebAppFlight.csproj", "{585432C0-8B7D-4EF7-94E7-084474EE3500}"
EndProject
Global
	GlobalSection(SolutionConfigurationPlatforms) = preSolution
		Debug|Any CPU = Debug|Any CPU
		Release|Any CPU = Release|Any CPU
	EndGlobalSection
	GlobalSection(ProjectConfigurationPlatforms) = postSolution
		{585432C0-8B7D-4EF7-94E7-084474EE3500}.Debug|Any CPU.ActiveCfg = Debug|Any CPU
		{585432C0-8B7D-4EF7-94E7-084474EE3500}.Debug|Any CPU.Build.0 = Debug|Any CPU
		{585432C0-8B7D-4EF7-94E7-084474EE3500}.Release|Any CPU.ActiveCfg = Release|Any CPU
		{585432C0-8B7D-4EF7-94E7-084474EE3500}.Release|Any CPU.Build.0 = Release|Any CPU
	EndGlobalSection
	GlobalSection(SolutionProperties) = preSolution
		HideSolutionNode = FALSE
	EndGlobalSection
	GlobalSection(ExtensibilityGlobals) = postSolution
		SolutionGuid = {C2138565-7484-4D9C-A268-BA5A8B0A69D7}
	EndGlobalSection
EndGlobal
